
Microsoft Visual Studio Solution File, Format Version 12.00
# Visual Studio Version 17
VisualStudioVersion = 17.12.35527.113
MinimumVisualStudioVersion = 10.0.40219.1
Project("{FAE04EC0-301F-11D3-BF4B-00C04F79EFBC}") = "MoveSmartAPIs", "MoveSmartAPIs\MoveSmartAPIs.csproj", "{22BFC6B6-9828-4314-8E58-C6CD90B9BBE9}"
EndProject
Project("{FAE04EC0-301F-11D3-BF4B-00C04F79EFBC}") = "DataAccessLayer", "DataAccessLayer\DataAccessLayer.csproj", "{7234CD12-0089-4EE3-9FA9-DB389DE583F6}"
EndProject
Project("{FAE04EC0-301F-11D3-BF4B-00C04F79EFBC}") = "BusinessLayer", "BusinessLayer\BusinessLayer.csproj", "{4FC99AD1-27A5-49A3-A133-A7368F304B10}"
EndProject
Project("{FAE04EC0-301F-11D3-BF4B-00C04F79EFBC}") = "DataAccessLayer.Tests", "DataAccessLayer.Tests\DataAccessLayer.Tests.csproj", "{A3725F1C-D40F-4EDC-AA70-937BEC9DDA1E}"
EndProject
Global
	GlobalSection(SolutionConfigurationPlatforms) = preSolution
		Debug|Any CPU = Debug|Any CPU
		Release|Any CPU = Release|Any CPU
	EndGlobalSection
	GlobalSection(ProjectConfigurationPlatforms) = postSolution
		{22BFC6B6-9828-4314-8E58-C6CD90B9BBE9}.Debug|Any CPU.ActiveCfg = Debug|Any CPU
		{22BFC6B6-9828-4314-8E58-C6CD90B9BBE9}.Debug|Any CPU.Build.0 = Debug|Any CPU
		{22BFC6B6-9828-4314-8E58-C6CD90B9BBE9}.Release|Any CPU.ActiveCfg = Release|Any CPU
		{22BFC6B6-9828-4314-8E58-C6CD90B9BBE9}.Release|Any CPU.Build.0 = Release|Any CPU
		{7234CD12-0089-4EE3-9FA9-DB389DE583F6}.Debug|Any CPU.ActiveCfg = Debug|Any CPU
		{7234CD12-0089-4EE3-9FA9-DB389DE583F6}.Debug|Any CPU.Build.0 = Debug|Any CPU
		{7234CD12-0089-4EE3-9FA9-DB389DE583F6}.Release|Any CPU.ActiveCfg = Release|Any CPU
		{7234CD12-0089-4EE3-9FA9-DB389DE583F6}.Release|Any CPU.Build.0 = Release|Any CPU
		{4FC99AD1-27A5-49A3-A133-A7368F304B10}.Debug|Any CPU.ActiveCfg = Debug|Any CPU
		{4FC99AD1-27A5-49A3-A133-A7368F304B10}.Debug|Any CPU.Build.0 = Debug|Any CPU
		{4FC99AD1-27A5-49A3-A133-A7368F304B10}.Release|Any CPU.ActiveCfg = Release|Any CPU
		{4FC99AD1-27A5-49A3-A133-A7368F304B10}.Release|Any CPU.Build.0 = Release|Any CPU
		{A3725F1C-D40F-4EDC-AA70-937BEC9DDA1E}.Debug|Any CPU.ActiveCfg = Debug|Any CPU
		{A3725F1C-D40F-4EDC-AA70-937BEC9DDA1E}.Debug|Any CPU.Build.0 = Debug|Any CPU
		{A3725F1C-D40F-4EDC-AA70-937BEC9DDA1E}.Release|Any CPU.ActiveCfg = Release|Any CPU
		{A3725F1C-D40F-4EDC-AA70-937BEC9DDA1E}.Release|Any CPU.Build.0 = Release|Any CPU
	EndGlobalSection
	GlobalSection(SolutionProperties) = preSolution
		HideSolutionNode = FALSE
	EndGlobalSection
EndGlobal
